{
  "nodes": {
    "channel": {
      "inputs": {
        "nixpkgs": "nixpkgs"
      },
      "locked": {
        "dir": "nixpkgs-unstable",
        "lastModified": 1781278003,
        "narHash": "sha256-4m7IJrbfF5higV9K+3xBGsu2+dawh54VWJJYxEzJWMc=",
        "owner": "nixology",
        "repo": "channels.nix",
        "rev": "2e474a1c273c6d0a669fbd3335ca93a098463890",
        "type": "github"
      },
      "original": {
        "dir": "nixpkgs-unstable",
        "owner": "nixology",
        "repo": "channels.nix",
        "type": "github"
      }
    },
    "core": {
      "inputs": {
        "channel": "channel",
        "flake-parts": "flake-parts",
        "nixpkgs": [
          "core",
          "channel",
          "nixpkgs"
        ]
      },
      "locked": {
        "lastModified": 1781495876,
        "narHash": "sha256-41PkrvJ+4NIOa0ZCyOZrK6vy8nvxtgbRplbpEbLg11I=",
        "owner": "nixology",
        "repo": "core.nix",
        "rev": "364577b6e46a4fb4c7c4ad8aaee02264c7739072",
        "type": "github"
      },
      "original": {
        "owner": "nixology",
        "repo": "core.nix",
        "type": "github"
      }
    },
    "flake-parts": {
      "inputs": {
        "nixpkgs-lib": "nixpkgs-lib"
      },
      "locked": {
        "lastModified": 1778716662,
        "narHash": "sha256-m1Yf0wZ8j1OHjTc2UwHwyQRSnNeSgLJOd7q5Y45hzi4=",
        "owner": "hercules-ci",
        "repo": "flake-parts",
        "rev": "f7c1a2d347e4c52d5fb8d10cb4d94b5884e546fb",
        "type": "github"
      },
      "original": {
        "owner": "hercules-ci",
        "repo": "flake-parts",
        "type": "github"
      }
    },
    "nixpkgs": {
      "locked": {
        "lastModified": 1781229721,
        "narHash": "sha256-ORvqDbb/LYxiJljGIejapjkc/kJbVote2N1WSb9W45I=",
        "owner": "nixos",
        "repo": "nixpkgs",
        "rev": "173d0ad7a974f8543a9ab01d2271b2e290341b33",
        "type": "github"
      },
      "original": {
        "owner": "nixos",
        "ref": "nixpkgs-unstable",
        "repo": "nixpkgs",
        "type": "github"
      }
    },
    "nixpkgs-lib": {
      "locked": {
        "lastModified": 1777168982,
        "narHash": "sha256-GOkGPcboWE9BmGCRMLX3worL4EMnsnG8MyKmXNeYuhQ=",
        "owner": "nix-community",
        "repo": "nixpkgs.lib",
        "rev": "f5901329dade4a6ea039af1433fb087bd9c1fe14",
        "type": "github"
      },
      "original": {
        "owner": "nix-community",
        "repo": "nixpkgs.lib",
        "type": "github"
      }
    },
    "root": {
      "inputs": {
        "core": "core"
      }
    }
  },
  "root": "root",
  "version": 7
}
