{
  "nodes": {
    "core-flake-schemas": {
      "inputs": {
        "flake-schemas": "flake-schemas"
      },
      "locked": {
        "dir": "partitions/schemas",
        "lastModified": 1781582120,
        "narHash": "sha256-PfxirCYwFSOQwx/YehDXvLtE7VVN0N3plx6W8xPq6Ag=",
        "owner": "nixology",
        "repo": "core.nix",
        "rev": "9ac540599c1dd7ecfe23d4e932857186bf5f9079",
        "type": "github"
      },
      "original": {
        "dir": "partitions/schemas",
        "owner": "nixology",
        "repo": "core.nix",
        "type": "github"
      }
    },
    "flake-schemas": {
      "locked": {
        "lastModified": 1780327564,
        "narHash": "sha256-HiRPtA0spK+Dkgbhz/1zW9glXxNVB+L4Rj2VYmdawb8=",
        "owner": "DeterminateSystems",
        "repo": "flake-schemas",
        "rev": "6cc9bd98891b1fc6bb2b8cb3277df8bc72799ca6",
        "type": "github"
      },
      "original": {
        "owner": "DeterminateSystems",
        "repo": "flake-schemas",
        "type": "github"
      }
    },
    "root": {
      "inputs": {
        "core-flake-schemas": "core-flake-schemas",
        "flake-schemas": [
          "core-flake-schemas",
          "flake-schemas"
        ]
      }
    }
  },
  "root": "root",
  "version": 7
}
