{
  "nodes": {
    "core-flake-schemas": {
      "inputs": {
        "flake-schemas": "flake-schemas"
      },
      "locked": {
        "dir": "partitions/schemas",
        "lastModified": 1780452041,
        "narHash": "sha256-NhQUXLGBqPl+z9XKM2NPUf8xksKGQdhOu5Hi8M5yeeg=",
        "owner": "nixology",
        "repo": "core.nix",
        "rev": "f27282aab52bf9c6e6b47b52407638fb11bbc9e4",
        "type": "github"
      },
      "original": {
        "dir": "partitions/schemas",
        "owner": "nixology",
        "repo": "core.nix",
        "type": "github"
      }
    },
    "flake-schemas": {
      "locked": {
        "lastModified": 1780084615,
        "narHash": "sha256-/qKIgQWTystjbQilErpOCALPqpNW0L87ZCrE/epU05A=",
        "owner": "DeterminateSystems",
        "repo": "flake-schemas",
        "rev": "c84b109dd04882f8d815712e7de969013e30cdf7",
        "type": "github"
      },
      "original": {
        "owner": "DeterminateSystems",
        "repo": "flake-schemas",
        "type": "github"
      }
    },
    "root": {
      "inputs": {
        "core-flake-schemas": "core-flake-schemas",
        "flake-schemas": [
          "core-flake-schemas",
          "flake-schemas"
        ]
      }
    }
  },
  "root": "root",
  "version": 7
}
