{
  "nodes": {
    "core-flake-schemas": {
      "inputs": {
        "flake-schemas": "flake-schemas"
      },
      "locked": {
        "dir": "partitions/schemas",
        "lastModified": 1779136329,
        "narHash": "sha256-Ugjz2VGmNZUWFSNDVi+Z6iSAfgmDeHrVgmMq8Dsf5xc=",
        "owner": "nixology",
        "repo": "core.nix",
        "rev": "ba2285b7bc6bff7c259204f40e2d3220b1859a69",
        "type": "github"
      },
      "original": {
        "dir": "partitions/schemas",
        "owner": "nixology",
        "repo": "core.nix",
        "type": "github"
      }
    },
    "flake-schemas": {
      "locked": {
        "lastModified": 1776384880,
        "narHash": "sha256-28Cg9HI/IwFHUm5fZyMEGCQ94L3Il6K4OfHeRf0b+Zw=",
        "owner": "DeterminateSystems",
        "repo": "flake-schemas",
        "rev": "b852751d29c6e09919f25c1e10754646bdc181c9",
        "type": "github"
      },
      "original": {
        "owner": "DeterminateSystems",
        "repo": "flake-schemas",
        "type": "github"
      }
    },
    "root": {
      "inputs": {
        "core-flake-schemas": "core-flake-schemas",
        "flake-schemas": [
          "core-flake-schemas",
          "flake-schemas"
        ]
      }
    }
  },
  "root": "root",
  "version": 7
}
